
Microsoft Visual Studio Solution File, Format Version 12.00
# Visual Studio Version 17
VisualStudioVersion = 17.10.34916.146
MinimumVisualStudioVersion = 10.0.40219.1
Project("{FAE04EC0-301F-11D3-BF4B-00C04F79EFBC}") = "doga1", "doga1\doga1.csproj", "{A967B302-E0FC-4386-A59B-D2A38A49A6D3}"
EndProject
Global
	GlobalSection(SolutionConfigurationPlatforms) = preSolution
		Debug|Any CPU = Debug|Any CPU
		Release|Any CPU = Release|Any CPU
	EndGlobalSection
	GlobalSection(ProjectConfigurationPlatforms) = postSolution
		{A967B302-E0FC-4386-A59B-D2A38A49A6D3}.Debug|Any CPU.ActiveCfg = Debug|Any CPU
		{A967B302-E0FC-4386-A59B-D2A38A49A6D3}.Debug|Any CPU.Build.0 = Debug|Any CPU
		{A967B302-E0FC-4386-A59B-D2A38A49A6D3}.Release|Any CPU.ActiveCfg = Release|Any CPU
		{A967B302-E0FC-4386-A59B-D2A38A49A6D3}.Release|Any CPU.Build.0 = Release|Any CPU
	EndGlobalSection
	GlobalSection(SolutionProperties) = preSolution
		HideSolutionNode = FALSE
	EndGlobalSection
	GlobalSection(ExtensibilityGlobals) = postSolution
		SolutionGuid = {0190FAC7-5C2E-4D4D-9ABE-92A6773BBA7D}
	EndGlobalSection
EndGlobal
